
Microsoft Visual Studio Solution File, Format Version 12.00
# Visual Studio 15
VisualStudioVersion = 15.0.27703.2000
MinimumVisualStudioVersion = 10.0.40219.1
Project("{2150E333-8FDC-42A3-9474-1A3956D46DE8}") = "Platforms", "Platforms", "{77C663C9-6355-49FA-8E7E-0A028EA24C7F}"
EndProject
Project("{FAE04EC0-301F-11D3-BF4B-00C04F79EFBC}") = "SwitchGame.Android", "SwitchGame.Android\SwitchGame.Android.csproj", "{A0911695-9785-4E6E-BE1E-6935398B1344}"
	ProjectSection(ProjectDependencies) = postProject
		{28CD24BD-432C-4987-9E9D-65CFCF120EA1} = {28CD24BD-432C-4987-9E9D-65CFCF120EA1}
	EndProjectSection
EndProject
Project("{FAE04EC0-301F-11D3-BF4B-00C04F79EFBC}") = "SwitchGame.DirectX", "SwitchGame.DirectX\SwitchGame.DirectX.csproj", "{DAED060D-BE0D-44D1-AC38-E189C7A6D300}"
	ProjectSection(ProjectDependencies) = postProject
		{28CD24BD-432C-4987-9E9D-65CFCF120EA1} = {28CD24BD-432C-4987-9E9D-65CFCF120EA1}
	EndProjectSection
EndProject
Project("{FAE04EC0-301F-11D3-BF4B-00C04F79EFBC}") = "SwitchGame.iOS", "SwitchGame.iOS\SwitchGame.iOS.csproj", "{E92E42EF-545C-4F06-A04D-380A740BCA84}"
EndProject
Project("{FAE04EC0-301F-11D3-BF4B-00C04F79EFBC}") = "SwitchGame.OpenGL", "SwitchGame.OpenGL\SwitchGame.OpenGL.csproj", "{AF110750-B036-4FDC-AF51-B08C7389AAA8}"
	ProjectSection(ProjectDependencies) = postProject
		{28CD24BD-432C-4987-9E9D-65CFCF120EA1} = {28CD24BD-432C-4987-9E9D-65CFCF120EA1}
	EndProjectSection
EndProject
Project("{FAE04EC0-301F-11D3-BF4B-00C04F79EFBC}") = "MonoSAMFramework.Portable", "MonoSAMFramework.Portable\MonoSAMFramework.Portable.csproj", "{550F036E-F23E-4999-BB01-4857486E4125}"
EndProject
Project("{D954291E-2A0B-460D-934E-DC6B0785DB48}") = "SwitchGame.Content", "SwitchGame.Content\SwitchGame.Content.shproj", "{15228A14-90BE-44FA-8203-B705FF37EF1F}"
EndProject
Project("{FAE04EC0-301F-11D3-BF4B-00C04F79EFBC}") = "SwitchGame.Core", "SwitchGame.Core\SwitchGame.Core.csproj", "{3FE0A696-C3BA-450D-9B03-E264AF024F0D}"
EndProject
Project("{2150E333-8FDC-42A3-9474-1A3956D46DE8}") = "Tools", "Tools", "{8912C25A-9614-4718-9444-84B27708CDE3}"
EndProject
Project("{FAE04EC0-301F-11D3-BF4B-00C04F79EFBC}") = "SwitchGame.Content.Pipeline", "SwitchGame.Content.Pipeline\SwitchGame.Content.Pipeline.csproj", "{28CD24BD-432C-4987-9E9D-65CFCF120EA1}"
EndProject
Global
	GlobalSection(SharedMSBuildProjectFiles) = preSolution
		SwitchGame.Content\SwitchGame.Content.projitems*{15228a14-90be-44fa-8203-b705ff37ef1f}*SharedItemsImports = 13
	EndGlobalSection
	GlobalSection(SolutionConfigurationPlatforms) = preSolution
		Debug|Any CPU = Debug|Any CPU
		Debug|iPhone = Debug|iPhone
		Debug|iPhoneSimulator = Debug|iPhoneSimulator
		Debug|x86 = Debug|x86
		Release|Any CPU = Release|Any CPU
		Release|iPhone = Release|iPhone
		Release|iPhoneSimulator = Release|iPhoneSimulator
		Release|x86 = Release|x86
	EndGlobalSection
	GlobalSection(ProjectConfigurationPlatforms) = postSolution
		{A0911695-9785-4E6E-BE1E-6935398B1344}.Debug|Any CPU.ActiveCfg = Debug|Any CPU
		{A0911695-9785-4E6E-BE1E-6935398B1344}.Debug|Any CPU.Build.0 = Debug|Any CPU
		{A0911695-9785-4E6E-BE1E-6935398B1344}.Debug|Any CPU.Deploy.0 = Debug|Any CPU
		{A0911695-9785-4E6E-BE1E-6935398B1344}.Debug|iPhone.ActiveCfg = Debug|Any CPU
		{A0911695-9785-4E6E-BE1E-6935398B1344}.Debug|iPhone.Build.0 = Debug|Any CPU
		{A0911695-9785-4E6E-BE1E-6935398B1344}.Debug|iPhone.Deploy.0 = Debug|Any CPU
		{A0911695-9785-4E6E-BE1E-6935398B1344}.Debug|iPhoneSimulator.ActiveCfg = Debug|Any CPU
		{A0911695-9785-4E6E-BE1E-6935398B1344}.Debug|iPhoneSimulator.Build.0 = Debug|Any CPU
		{A0911695-9785-4E6E-BE1E-6935398B1344}.Debug|iPhoneSimulator.Deploy.0 = Debug|Any CPU
		{A0911695-9785-4E6E-BE1E-6935398B1344}.Debug|x86.ActiveCfg = Debug|Any CPU
		{A0911695-9785-4E6E-BE1E-6935398B1344}.Debug|x86.Build.0 = Debug|Any CPU
		{A0911695-9785-4E6E-BE1E-6935398B1344}.Debug|x86.Deploy.0 = Debug|Any CPU
		{A0911695-9785-4E6E-BE1E-6935398B1344}.Release|Any CPU.ActiveCfg = Release|Any CPU
		{A0911695-9785-4E6E-BE1E-6935398B1344}.Release|Any CPU.Build.0 = Release|Any CPU
		{A0911695-9785-4E6E-BE1E-6935398B1344}.Release|Any CPU.Deploy.0 = Release|Any CPU
		{A0911695-9785-4E6E-BE1E-6935398B1344}.Release|iPhone.ActiveCfg = Release|Any CPU
		{A0911695-9785-4E6E-BE1E-6935398B1344}.Release|iPhone.Build.0 = Release|Any CPU
		{A0911695-9785-4E6E-BE1E-6935398B1344}.Release|iPhone.Deploy.0 = Release|Any CPU
		{A0911695-9785-4E6E-BE1E-6935398B1344}.Release|iPhoneSimulator.ActiveCfg = Release|Any CPU
		{A0911695-9785-4E6E-BE1E-6935398B1344}.Release|iPhoneSimulator.Build.0 = Release|Any CPU
		{A0911695-9785-4E6E-BE1E-6935398B1344}.Release|iPhoneSimulator.Deploy.0 = Release|Any CPU
		{A0911695-9785-4E6E-BE1E-6935398B1344}.Release|x86.ActiveCfg = Release|Any CPU
		{A0911695-9785-4E6E-BE1E-6935398B1344}.Release|x86.Build.0 = Release|Any CPU
		{A0911695-9785-4E6E-BE1E-6935398B1344}.Release|x86.Deploy.0 = Release|Any CPU
		{DAED060D-BE0D-44D1-AC38-E189C7A6D300}.Debug|Any CPU.ActiveCfg = Debug|x86
		{DAED060D-BE0D-44D1-AC38-E189C7A6D300}.Debug|Any CPU.Build.0 = Debug|x86
		{DAED060D-BE0D-44D1-AC38-E189C7A6D300}.Debug|iPhone.ActiveCfg = Debug|x86
		{DAED060D-BE0D-44D1-AC38-E189C7A6D300}.Debug|iPhoneSimulator.ActiveCfg = Debug|x86
		{DAED060D-BE0D-44D1-AC38-E189C7A6D300}.Debug|x86.ActiveCfg = Debug|x86
		{DAED060D-BE0D-44D1-AC38-E189C7A6D300}.Debug|x86.Build.0 = Debug|x86
		{DAED060D-BE0D-44D1-AC38-E189C7A6D300}.Release|Any CPU.ActiveCfg = Release|x86
		{DAED060D-BE0D-44D1-AC38-E189C7A6D300}.Release|iPhone.ActiveCfg = Release|x86
		{DAED060D-BE0D-44D1-AC38-E189C7A6D300}.Release|iPhoneSimulator.ActiveCfg = Release|x86
		{DAED060D-BE0D-44D1-AC38-E189C7A6D300}.Release|x86.ActiveCfg = Release|x86
		{DAED060D-BE0D-44D1-AC38-E189C7A6D300}.Release|x86.Build.0 = Release|x86
		{E92E42EF-545C-4F06-A04D-380A740BCA84}.Debug|Any CPU.ActiveCfg = Debug|iPhone
		{E92E42EF-545C-4F06-A04D-380A740BCA84}.Debug|Any CPU.Build.0 = Debug|iPhone
		{E92E42EF-545C-4F06-A04D-380A740BCA84}.Debug|iPhone.ActiveCfg = Debug|iPhone
		{E92E42EF-545C-4F06-A04D-380A740BCA84}.Debug|iPhone.Build.0 = Debug|iPhone
		{E92E42EF-545C-4F06-A04D-380A740BCA84}.Debug|iPhoneSimulator.ActiveCfg = Debug|iPhoneSimulator
		{E92E42EF-545C-4F06-A04D-380A740BCA84}.Debug|iPhoneSimulator.Build.0 = Debug|iPhoneSimulator
		{E92E42EF-545C-4F06-A04D-380A740BCA84}.Debug|x86.ActiveCfg = Debug|iPhone
		{E92E42EF-545C-4F06-A04D-380A740BCA84}.Release|Any CPU.ActiveCfg = Release|iPhone
		{E92E42EF-545C-4F06-A04D-380A740BCA84}.Release|iPhone.ActiveCfg = Release|iPhone
		{E92E42EF-545C-4F06-A04D-380A740BCA84}.Release|iPhone.Build.0 = Release|iPhone
		{E92E42EF-545C-4F06-A04D-380A740BCA84}.Release|iPhoneSimulator.ActiveCfg = Release|iPhoneSimulator
		{E92E42EF-545C-4F06-A04D-380A740BCA84}.Release|iPhoneSimulator.Build.0 = Release|iPhoneSimulator
		{E92E42EF-545C-4F06-A04D-380A740BCA84}.Release|x86.ActiveCfg = Release|iPhone
		{AF110750-B036-4FDC-AF51-B08C7389AAA8}.Debug|Any CPU.ActiveCfg = Debug|x86
		{AF110750-B036-4FDC-AF51-B08C7389AAA8}.Debug|Any CPU.Build.0 = Debug|x86
		{AF110750-B036-4FDC-AF51-B08C7389AAA8}.Debug|iPhone.ActiveCfg = Debug|x86
		{AF110750-B036-4FDC-AF51-B08C7389AAA8}.Debug|iPhoneSimulator.ActiveCfg = Debug|x86
		{AF110750-B036-4FDC-AF51-B08C7389AAA8}.Debug|x86.ActiveCfg = Debug|x86
		{AF110750-B036-4FDC-AF51-B08C7389AAA8}.Debug|x86.Build.0 = Debug|x86
		{AF110750-B036-4FDC-AF51-B08C7389AAA8}.Release|Any CPU.ActiveCfg = Release|x86
		{AF110750-B036-4FDC-AF51-B08C7389AAA8}.Release|iPhone.ActiveCfg = Release|x86
		{AF110750-B036-4FDC-AF51-B08C7389AAA8}.Release|iPhoneSimulator.ActiveCfg = Release|x86
		{AF110750-B036-4FDC-AF51-B08C7389AAA8}.Release|x86.ActiveCfg = Release|x86
		{AF110750-B036-4FDC-AF51-B08C7389AAA8}.Release|x86.Build.0 = Release|x86
		{550F036E-F23E-4999-BB01-4857486E4125}.Debug|Any CPU.ActiveCfg = Debug|Any CPU
		{550F036E-F23E-4999-BB01-4857486E4125}.Debug|Any CPU.Build.0 = Debug|Any CPU
		{550F036E-F23E-4999-BB01-4857486E4125}.Debug|iPhone.ActiveCfg = Debug|Any CPU
		{550F036E-F23E-4999-BB01-4857486E4125}.Debug|iPhone.Build.0 = Debug|Any CPU
		{550F036E-F23E-4999-BB01-4857486E4125}.Debug|iPhoneSimulator.ActiveCfg = Debug|Any CPU
		{550F036E-F23E-4999-BB01-4857486E4125}.Debug|iPhoneSimulator.Build.0 = Debug|Any CPU
		{550F036E-F23E-4999-BB01-4857486E4125}.Debug|x86.ActiveCfg = Debug|Any CPU
		{550F036E-F23E-4999-BB01-4857486E4125}.Debug|x86.Build.0 = Debug|Any CPU
		{550F036E-F23E-4999-BB01-4857486E4125}.Release|Any CPU.ActiveCfg = Release|Any CPU
		{550F036E-F23E-4999-BB01-4857486E4125}.Release|Any CPU.Build.0 = Release|Any CPU
		{550F036E-F23E-4999-BB01-4857486E4125}.Release|iPhone.ActiveCfg = Release|Any CPU
		{550F036E-F23E-4999-BB01-4857486E4125}.Release|iPhone.Build.0 = Release|Any CPU
		{550F036E-F23E-4999-BB01-4857486E4125}.Release|iPhoneSimulator.ActiveCfg = Release|Any CPU
		{550F036E-F23E-4999-BB01-4857486E4125}.Release|iPhoneSimulator.Build.0 = Release|Any CPU
		{550F036E-F23E-4999-BB01-4857486E4125}.Release|x86.ActiveCfg = Release|Any CPU
		{550F036E-F23E-4999-BB01-4857486E4125}.Release|x86.Build.0 = Release|Any CPU
		{3FE0A696-C3BA-450D-9B03-E264AF024F0D}.Debug|Any CPU.ActiveCfg = Debug|Any CPU
		{3FE0A696-C3BA-450D-9B03-E264AF024F0D}.Debug|Any CPU.Build.0 = Debug|Any CPU
		{3FE0A696-C3BA-450D-9B03-E264AF024F0D}.Debug|iPhone.ActiveCfg = Debug|Any CPU
		{3FE0A696-C3BA-450D-9B03-E264AF024F0D}.Debug|iPhone.Build.0 = Debug|Any CPU
		{3FE0A696-C3BA-450D-9B03-E264AF024F0D}.Debug|iPhoneSimulator.ActiveCfg = Debug|Any CPU
		{3FE0A696-C3BA-450D-9B03-E264AF024F0D}.Debug|iPhoneSimulator.Build.0 = Debug|Any CPU
		{3FE0A696-C3BA-450D-9B03-E264AF024F0D}.Debug|x86.ActiveCfg = Debug|Any CPU
		{3FE0A696-C3BA-450D-9B03-E264AF024F0D}.Debug|x86.Build.0 = Debug|Any CPU
		{3FE0A696-C3BA-450D-9B03-E264AF024F0D}.Release|Any CPU.ActiveCfg = Release|Any CPU
		{3FE0A696-C3BA-450D-9B03-E264AF024F0D}.Release|Any CPU.Build.0 = Release|Any CPU
		{3FE0A696-C3BA-450D-9B03-E264AF024F0D}.Release|iPhone.ActiveCfg = Release|Any CPU
		{3FE0A696-C3BA-450D-9B03-E264AF024F0D}.Release|iPhone.Build.0 = Release|Any CPU
		{3FE0A696-C3BA-450D-9B03-E264AF024F0D}.Release|iPhoneSimulator.ActiveCfg = Release|Any CPU
		{3FE0A696-C3BA-450D-9B03-E264AF024F0D}.Release|iPhoneSimulator.Build.0 = Release|Any CPU
		{3FE0A696-C3BA-450D-9B03-E264AF024F0D}.Release|x86.ActiveCfg = Release|Any CPU
		{3FE0A696-C3BA-450D-9B03-E264AF024F0D}.Release|x86.Build.0 = Release|Any CPU
		{28CD24BD-432C-4987-9E9D-65CFCF120EA1}.Debug|Any CPU.ActiveCfg = Debug|Any CPU
		{28CD24BD-432C-4987-9E9D-65CFCF120EA1}.Debug|Any CPU.Build.0 = Debug|Any CPU
		{28CD24BD-432C-4987-9E9D-65CFCF120EA1}.Debug|iPhone.ActiveCfg = Debug|Any CPU
		{28CD24BD-432C-4987-9E9D-65CFCF120EA1}.Debug|iPhone.Build.0 = Debug|Any CPU
		{28CD24BD-432C-4987-9E9D-65CFCF120EA1}.Debug|iPhoneSimulator.ActiveCfg = Debug|Any CPU
		{28CD24BD-432C-4987-9E9D-65CFCF120EA1}.Debug|iPhoneSimulator.Build.0 = Debug|Any CPU
		{28CD24BD-432C-4987-9E9D-65CFCF120EA1}.Debug|x86.ActiveCfg = Debug|Any CPU
		{28CD24BD-432C-4987-9E9D-65CFCF120EA1}.Debug|x86.Build.0 = Debug|Any CPU
		{28CD24BD-432C-4987-9E9D-65CFCF120EA1}.Release|Any CPU.ActiveCfg = Release|Any CPU
		{28CD24BD-432C-4987-9E9D-65CFCF120EA1}.Release|Any CPU.Build.0 = Release|Any CPU
		{28CD24BD-432C-4987-9E9D-65CFCF120EA1}.Release|iPhone.ActiveCfg = Release|Any CPU
		{28CD24BD-432C-4987-9E9D-65CFCF120EA1}.Release|iPhone.Build.0 = Release|Any CPU
		{28CD24BD-432C-4987-9E9D-65CFCF120EA1}.Release|iPhoneSimulator.ActiveCfg = Release|Any CPU
		{28CD24BD-432C-4987-9E9D-65CFCF120EA1}.Release|iPhoneSimulator.Build.0 = Release|Any CPU
		{28CD24BD-432C-4987-9E9D-65CFCF120EA1}.Release|x86.ActiveCfg = Release|Any CPU
		{28CD24BD-432C-4987-9E9D-65CFCF120EA1}.Release|x86.Build.0 = Release|Any CPU
	EndGlobalSection
	GlobalSection(SolutionProperties) = preSolution
		HideSolutionNode = FALSE
	EndGlobalSection
	GlobalSection(NestedProjects) = preSolution
		{A0911695-9785-4E6E-BE1E-6935398B1344} = {77C663C9-6355-49FA-8E7E-0A028EA24C7F}
		{DAED060D-BE0D-44D1-AC38-E189C7A6D300} = {77C663C9-6355-49FA-8E7E-0A028EA24C7F}
		{E92E42EF-545C-4F06-A04D-380A740BCA84} = {77C663C9-6355-49FA-8E7E-0A028EA24C7F}
		{AF110750-B036-4FDC-AF51-B08C7389AAA8} = {77C663C9-6355-49FA-8E7E-0A028EA24C7F}
		{28CD24BD-432C-4987-9E9D-65CFCF120EA1} = {8912C25A-9614-4718-9444-84B27708CDE3}
	EndGlobalSection
	GlobalSection(ExtensibilityGlobals) = postSolution
		SolutionGuid = {CAD14B82-848B-4538-BD6D-741EC9DEAB47}
	EndGlobalSection
EndGlobal
